[ "cowboy": {:git,"https://github.com/extend/cowboy.git","a3049f7100bb9f3cbaef1db6bf6cdeb750d9e298",[ref: "a3049f7100bb9f3cbaef1db6bf6cdeb750d9e298"]},
  "dynamo": {:git,"https://github.com/elixir-lang/dynamo.git","e6c2831e874ea9cde1c5366671545f80422cebbe",[]},
  "markdown": {:git,"https://github.com/k1complete/erlmarkdown.git","bb7e945db47b9d31ae6660b5317c7d9e5da4a9bd",[branch: "unicode_option"]},
  "mimetypes": {:git,"https://github.com/spawngrid/mimetypes.git","507823a0e6a5f6654c61945152a7ba88bd55ad0e",[]},
  "mix_task_heroku": {:git,"https://github.com/k1complete/mix_task_heroku.git","b7b7c55764f00ca99cd3114e3c1a6cf157536e6b",[]},
  "ranch": {:git,"https://github.com/extend/ranch.git","c3133bfbc324fbb9ac26ab689cd41dc362ad7c05",[ref: "c3133bfbc324fbb9ac26ab689cd41dc362ad7c05"]} ]
